
Microsoft Visual Studio Solution File, Format Version 12.00
# Visual Studio Version 16
VisualStudioVersion = 16.0.31624.102
MinimumVisualStudioVersion = 10.0.40219.1
Project("{FAE04EC0-301F-11D3-BF4B-00C04F79EFBC}") = "Task01", "Task01\Task01.csproj", "{A2B6942F-BFDE-4EE7-BF13-F3C93CA40838}"
EndProject
Global
	GlobalSection(SolutionConfigurationPlatforms) = preSolution
		Debug|Any CPU = Debug|Any CPU
		Release|Any CPU = Release|Any CPU
	EndGlobalSection
	GlobalSection(ProjectConfigurationPlatforms) = postSolution
		{A2B6942F-BFDE-4EE7-BF13-F3C93CA40838}.Debug|Any CPU.ActiveCfg = Debug|Any CPU
		{A2B6942F-BFDE-4EE7-BF13-F3C93CA40838}.Debug|Any CPU.Build.0 = Debug|Any CPU
		{A2B6942F-BFDE-4EE7-BF13-F3C93CA40838}.Release|Any CPU.ActiveCfg = Release|Any CPU
		{A2B6942F-BFDE-4EE7-BF13-F3C93CA40838}.Release|Any CPU.Build.0 = Release|Any CPU
	EndGlobalSection
	GlobalSection(SolutionProperties) = preSolution
		HideSolutionNode = FALSE
	EndGlobalSection
	GlobalSection(ExtensibilityGlobals) = postSolution
		SolutionGuid = {ED959052-83B3-4A0E-8312-A80B05EBFE73}
	EndGlobalSection
EndGlobal
