
Microsoft Visual Studio Solution File, Format Version 12.00
# Visual Studio Version 16
VisualStudioVersion = 16.0.31624.102
MinimumVisualStudioVersion = 10.0.40219.1
Project("{FAE04EC0-301F-11D3-BF4B-00C04F79EFBC}") = "Task01", "Task01\Task01.csproj", "{B549FD8B-BBC3-4CBD-8B25-F0A92DE02ED5}"
EndProject
Project("{FAE04EC0-301F-11D3-BF4B-00C04F79EFBC}") = "Task02", "Task02\Task02.csproj", "{A5D75CB0-ED4B-48B8-B3A0-5674EB7663BB}"
EndProject
Global
	GlobalSection(SolutionConfigurationPlatforms) = preSolution
		Debug|Any CPU = Debug|Any CPU
		Release|Any CPU = Release|Any CPU
	EndGlobalSection
	GlobalSection(ProjectConfigurationPlatforms) = postSolution
		{B549FD8B-BBC3-4CBD-8B25-F0A92DE02ED5}.Debug|Any CPU.ActiveCfg = Debug|Any CPU
		{B549FD8B-BBC3-4CBD-8B25-F0A92DE02ED5}.Debug|Any CPU.Build.0 = Debug|Any CPU
		{B549FD8B-BBC3-4CBD-8B25-F0A92DE02ED5}.Release|Any CPU.ActiveCfg = Release|Any CPU
		{B549FD8B-BBC3-4CBD-8B25-F0A92DE02ED5}.Release|Any CPU.Build.0 = Release|Any CPU
		{A5D75CB0-ED4B-48B8-B3A0-5674EB7663BB}.Debug|Any CPU.ActiveCfg = Debug|Any CPU
		{A5D75CB0-ED4B-48B8-B3A0-5674EB7663BB}.Debug|Any CPU.Build.0 = Debug|Any CPU
		{A5D75CB0-ED4B-48B8-B3A0-5674EB7663BB}.Release|Any CPU.ActiveCfg = Release|Any CPU
		{A5D75CB0-ED4B-48B8-B3A0-5674EB7663BB}.Release|Any CPU.Build.0 = Release|Any CPU
	EndGlobalSection
	GlobalSection(SolutionProperties) = preSolution
		HideSolutionNode = FALSE
	EndGlobalSection
	GlobalSection(ExtensibilityGlobals) = postSolution
		SolutionGuid = {7AA9CC07-D158-4BEB-AD53-D5402FCBA50D}
	EndGlobalSection
EndGlobal
