
Microsoft Visual Studio Solution File, Format Version 12.00
# Visual Studio Version 16
VisualStudioVersion = 16.0.31624.102
MinimumVisualStudioVersion = 10.0.40219.1
Project("{9A19103F-16F7-4668-BE54-9A1E7A4F7556}") = "Task01", "Task01\Task01.csproj", "{1CD8A84D-CF9E-4D1D-9098-B622A3DFD1C0}"
EndProject
Project("{FAE04EC0-301F-11D3-BF4B-00C04F79EFBC}") = "Task02", "Task02\Task02.csproj", "{B3100464-4751-4CAA-97D7-688BF7FFB771}"
EndProject
Global
	GlobalSection(SolutionConfigurationPlatforms) = preSolution
		Debug|Any CPU = Debug|Any CPU
		Release|Any CPU = Release|Any CPU
	EndGlobalSection
	GlobalSection(ProjectConfigurationPlatforms) = postSolution
		{1CD8A84D-CF9E-4D1D-9098-B622A3DFD1C0}.Debug|Any CPU.ActiveCfg = Debug|Any CPU
		{1CD8A84D-CF9E-4D1D-9098-B622A3DFD1C0}.Debug|Any CPU.Build.0 = Debug|Any CPU
		{1CD8A84D-CF9E-4D1D-9098-B622A3DFD1C0}.Release|Any CPU.ActiveCfg = Release|Any CPU
		{1CD8A84D-CF9E-4D1D-9098-B622A3DFD1C0}.Release|Any CPU.Build.0 = Release|Any CPU
		{B3100464-4751-4CAA-97D7-688BF7FFB771}.Debug|Any CPU.ActiveCfg = Debug|Any CPU
		{B3100464-4751-4CAA-97D7-688BF7FFB771}.Debug|Any CPU.Build.0 = Debug|Any CPU
		{B3100464-4751-4CAA-97D7-688BF7FFB771}.Release|Any CPU.ActiveCfg = Release|Any CPU
		{B3100464-4751-4CAA-97D7-688BF7FFB771}.Release|Any CPU.Build.0 = Release|Any CPU
	EndGlobalSection
	GlobalSection(SolutionProperties) = preSolution
		HideSolutionNode = FALSE
	EndGlobalSection
	GlobalSection(ExtensibilityGlobals) = postSolution
		SolutionGuid = {F7130AFE-A7DA-4EEC-B660-8CB57E6D0A0C}
	EndGlobalSection
EndGlobal
