
Microsoft Visual Studio Solution File, Format Version 12.00
# Visual Studio Version 16
VisualStudioVersion = 16.0.31624.102
MinimumVisualStudioVersion = 10.0.40219.1
Project("{FAE04EC0-301F-11D3-BF4B-00C04F79EFBC}") = "Task01", "Task01\Task01.csproj", "{83900AC9-BC87-4E3D-B8E1-F75267486305}"
EndProject
Project("{FAE04EC0-301F-11D3-BF4B-00C04F79EFBC}") = "Task02", "Task02\Task02.csproj", "{458E2E4C-70B8-4EB2-9B9A-4E9E16D83764}"
EndProject
Global
	GlobalSection(SolutionConfigurationPlatforms) = preSolution
		Debug|Any CPU = Debug|Any CPU
		Release|Any CPU = Release|Any CPU
	EndGlobalSection
	GlobalSection(ProjectConfigurationPlatforms) = postSolution
		{83900AC9-BC87-4E3D-B8E1-F75267486305}.Debug|Any CPU.ActiveCfg = Debug|Any CPU
		{83900AC9-BC87-4E3D-B8E1-F75267486305}.Debug|Any CPU.Build.0 = Debug|Any CPU
		{83900AC9-BC87-4E3D-B8E1-F75267486305}.Release|Any CPU.ActiveCfg = Release|Any CPU
		{83900AC9-BC87-4E3D-B8E1-F75267486305}.Release|Any CPU.Build.0 = Release|Any CPU
		{458E2E4C-70B8-4EB2-9B9A-4E9E16D83764}.Debug|Any CPU.ActiveCfg = Debug|Any CPU
		{458E2E4C-70B8-4EB2-9B9A-4E9E16D83764}.Debug|Any CPU.Build.0 = Debug|Any CPU
		{458E2E4C-70B8-4EB2-9B9A-4E9E16D83764}.Release|Any CPU.ActiveCfg = Release|Any CPU
		{458E2E4C-70B8-4EB2-9B9A-4E9E16D83764}.Release|Any CPU.Build.0 = Release|Any CPU
	EndGlobalSection
	GlobalSection(SolutionProperties) = preSolution
		HideSolutionNode = FALSE
	EndGlobalSection
	GlobalSection(ExtensibilityGlobals) = postSolution
		SolutionGuid = {C8B6E09E-FD43-4A61-814B-D7C6D766497E}
	EndGlobalSection
EndGlobal
