
Microsoft Visual Studio Solution File, Format Version 12.00
# Visual Studio Version 16
VisualStudioVersion = 16.0.31624.102
MinimumVisualStudioVersion = 10.0.40219.1
Project("{FAE04EC0-301F-11D3-BF4B-00C04F79EFBC}") = "Task01", "Task01\Task01.csproj", "{6B078A3A-B99E-4EDD-9F70-0C196E4DE483}"
EndProject
Global
	GlobalSection(SolutionConfigurationPlatforms) = preSolution
		Debug|Any CPU = Debug|Any CPU
		Release|Any CPU = Release|Any CPU
	EndGlobalSection
	GlobalSection(ProjectConfigurationPlatforms) = postSolution
		{6B078A3A-B99E-4EDD-9F70-0C196E4DE483}.Debug|Any CPU.ActiveCfg = Debug|Any CPU
		{6B078A3A-B99E-4EDD-9F70-0C196E4DE483}.Debug|Any CPU.Build.0 = Debug|Any CPU
		{6B078A3A-B99E-4EDD-9F70-0C196E4DE483}.Release|Any CPU.ActiveCfg = Release|Any CPU
		{6B078A3A-B99E-4EDD-9F70-0C196E4DE483}.Release|Any CPU.Build.0 = Release|Any CPU
	EndGlobalSection
	GlobalSection(SolutionProperties) = preSolution
		HideSolutionNode = FALSE
	EndGlobalSection
	GlobalSection(ExtensibilityGlobals) = postSolution
		SolutionGuid = {925EC23B-472C-4683-A940-F828E930C8E7}
	EndGlobalSection
EndGlobal
