
Microsoft Visual Studio Solution File, Format Version 12.00
# Visual Studio Version 16
VisualStudioVersion = 16.0.31624.102
MinimumVisualStudioVersion = 10.0.40219.1
Project("{FAE04EC0-301F-11D3-BF4B-00C04F79EFBC}") = "Task01", "Task01\Task01.csproj", "{154CF8D1-6833-4B26-9DC0-7E9FCC711D8C}"
EndProject
Global
	GlobalSection(SolutionConfigurationPlatforms) = preSolution
		Debug|Any CPU = Debug|Any CPU
		Release|Any CPU = Release|Any CPU
	EndGlobalSection
	GlobalSection(ProjectConfigurationPlatforms) = postSolution
		{154CF8D1-6833-4B26-9DC0-7E9FCC711D8C}.Debug|Any CPU.ActiveCfg = Debug|Any CPU
		{154CF8D1-6833-4B26-9DC0-7E9FCC711D8C}.Debug|Any CPU.Build.0 = Debug|Any CPU
		{154CF8D1-6833-4B26-9DC0-7E9FCC711D8C}.Release|Any CPU.ActiveCfg = Release|Any CPU
		{154CF8D1-6833-4B26-9DC0-7E9FCC711D8C}.Release|Any CPU.Build.0 = Release|Any CPU
	EndGlobalSection
	GlobalSection(SolutionProperties) = preSolution
		HideSolutionNode = FALSE
	EndGlobalSection
	GlobalSection(ExtensibilityGlobals) = postSolution
		SolutionGuid = {D130C296-6F5F-4167-B604-81D1BC25789D}
	EndGlobalSection
EndGlobal
