
Microsoft Visual Studio Solution File, Format Version 12.00
# Visual Studio Version 16
VisualStudioVersion = 16.0.31624.102
MinimumVisualStudioVersion = 10.0.40219.1
Project("{FAE04EC0-301F-11D3-BF4B-00C04F79EFBC}") = "Task01", "Task01\Task01.csproj", "{4185662F-FE50-444C-A96E-9E58C088C6D2}"
EndProject
Project("{FAE04EC0-301F-11D3-BF4B-00C04F79EFBC}") = "Task02", "Task02\Task02.csproj", "{82C195A5-F95E-48C9-818B-C40BE5DEEF11}"
EndProject
Project("{FAE04EC0-301F-11D3-BF4B-00C04F79EFBC}") = "Task03", "Task03\Task03.csproj", "{7129575C-5D56-4347-9FD2-65C981DA9609}"
EndProject
Project("{FAE04EC0-301F-11D3-BF4B-00C04F79EFBC}") = "Task04", "Task04\Task04.csproj", "{A71DD9D1-BA72-4F97-A7C4-CFBD3FBC7A19}"
EndProject
Global
	GlobalSection(SolutionConfigurationPlatforms) = preSolution
		Debug|Any CPU = Debug|Any CPU
		Release|Any CPU = Release|Any CPU
	EndGlobalSection
	GlobalSection(ProjectConfigurationPlatforms) = postSolution
		{4185662F-FE50-444C-A96E-9E58C088C6D2}.Debug|Any CPU.ActiveCfg = Debug|Any CPU
		{4185662F-FE50-444C-A96E-9E58C088C6D2}.Debug|Any CPU.Build.0 = Debug|Any CPU
		{4185662F-FE50-444C-A96E-9E58C088C6D2}.Release|Any CPU.ActiveCfg = Release|Any CPU
		{4185662F-FE50-444C-A96E-9E58C088C6D2}.Release|Any CPU.Build.0 = Release|Any CPU
		{82C195A5-F95E-48C9-818B-C40BE5DEEF11}.Debug|Any CPU.ActiveCfg = Debug|Any CPU
		{82C195A5-F95E-48C9-818B-C40BE5DEEF11}.Debug|Any CPU.Build.0 = Debug|Any CPU
		{82C195A5-F95E-48C9-818B-C40BE5DEEF11}.Release|Any CPU.ActiveCfg = Release|Any CPU
		{82C195A5-F95E-48C9-818B-C40BE5DEEF11}.Release|Any CPU.Build.0 = Release|Any CPU
		{7129575C-5D56-4347-9FD2-65C981DA9609}.Debug|Any CPU.ActiveCfg = Debug|Any CPU
		{7129575C-5D56-4347-9FD2-65C981DA9609}.Debug|Any CPU.Build.0 = Debug|Any CPU
		{7129575C-5D56-4347-9FD2-65C981DA9609}.Release|Any CPU.ActiveCfg = Release|Any CPU
		{7129575C-5D56-4347-9FD2-65C981DA9609}.Release|Any CPU.Build.0 = Release|Any CPU
		{A71DD9D1-BA72-4F97-A7C4-CFBD3FBC7A19}.Debug|Any CPU.ActiveCfg = Debug|Any CPU
		{A71DD9D1-BA72-4F97-A7C4-CFBD3FBC7A19}.Debug|Any CPU.Build.0 = Debug|Any CPU
		{A71DD9D1-BA72-4F97-A7C4-CFBD3FBC7A19}.Release|Any CPU.ActiveCfg = Release|Any CPU
		{A71DD9D1-BA72-4F97-A7C4-CFBD3FBC7A19}.Release|Any CPU.Build.0 = Release|Any CPU
	EndGlobalSection
	GlobalSection(SolutionProperties) = preSolution
		HideSolutionNode = FALSE
	EndGlobalSection
	GlobalSection(ExtensibilityGlobals) = postSolution
		SolutionGuid = {B08FC80F-2234-4B9B-949E-6E730FB3D41A}
	EndGlobalSection
EndGlobal
