
Microsoft Visual Studio Solution File, Format Version 12.00
# Visual Studio Version 16
VisualStudioVersion = 16.0.31624.102
MinimumVisualStudioVersion = 10.0.40219.1
Project("{FAE04EC0-301F-11D3-BF4B-00C04F79EFBC}") = "Task01", "Task01\Task01.csproj", "{53C2EE8E-DC34-4BA6-95F7-194E4AE57071}"
EndProject
Global
	GlobalSection(SolutionConfigurationPlatforms) = preSolution
		Debug|Any CPU = Debug|Any CPU
		Release|Any CPU = Release|Any CPU
	EndGlobalSection
	GlobalSection(ProjectConfigurationPlatforms) = postSolution
		{53C2EE8E-DC34-4BA6-95F7-194E4AE57071}.Debug|Any CPU.ActiveCfg = Debug|Any CPU
		{53C2EE8E-DC34-4BA6-95F7-194E4AE57071}.Debug|Any CPU.Build.0 = Debug|Any CPU
		{53C2EE8E-DC34-4BA6-95F7-194E4AE57071}.Release|Any CPU.ActiveCfg = Release|Any CPU
		{53C2EE8E-DC34-4BA6-95F7-194E4AE57071}.Release|Any CPU.Build.0 = Release|Any CPU
	EndGlobalSection
	GlobalSection(SolutionProperties) = preSolution
		HideSolutionNode = FALSE
	EndGlobalSection
	GlobalSection(ExtensibilityGlobals) = postSolution
		SolutionGuid = {FBC55F71-BFC3-460C-BB71-65B219BC2259}
	EndGlobalSection
EndGlobal
