
Microsoft Visual Studio Solution File, Format Version 12.00
# Visual Studio Version 16
VisualStudioVersion = 16.0.31624.102
MinimumVisualStudioVersion = 10.0.40219.1
Project("{FAE04EC0-301F-11D3-BF4B-00C04F79EFBC}") = "Task01", "Task01\Task01.csproj", "{0A99CFCA-17D8-446D-9DB6-E4410D425D27}"
EndProject
Global
	GlobalSection(SolutionConfigurationPlatforms) = preSolution
		Debug|Any CPU = Debug|Any CPU
		Release|Any CPU = Release|Any CPU
	EndGlobalSection
	GlobalSection(ProjectConfigurationPlatforms) = postSolution
		{0A99CFCA-17D8-446D-9DB6-E4410D425D27}.Debug|Any CPU.ActiveCfg = Debug|Any CPU
		{0A99CFCA-17D8-446D-9DB6-E4410D425D27}.Debug|Any CPU.Build.0 = Debug|Any CPU
		{0A99CFCA-17D8-446D-9DB6-E4410D425D27}.Release|Any CPU.ActiveCfg = Release|Any CPU
		{0A99CFCA-17D8-446D-9DB6-E4410D425D27}.Release|Any CPU.Build.0 = Release|Any CPU
	EndGlobalSection
	GlobalSection(SolutionProperties) = preSolution
		HideSolutionNode = FALSE
	EndGlobalSection
	GlobalSection(ExtensibilityGlobals) = postSolution
		SolutionGuid = {7B9D1F7A-6833-4E69-A86A-0AB8F2495969}
	EndGlobalSection
EndGlobal
