
Microsoft Visual Studio Solution File, Format Version 12.00
# Visual Studio Version 16
VisualStudioVersion = 16.0.31624.102
MinimumVisualStudioVersion = 10.0.40219.1
Project("{FAE04EC0-301F-11D3-BF4B-00C04F79EFBC}") = "Task01", "Task01\Task01.csproj", "{BEF3EE06-666E-418F-9A45-F79CC0BD09E7}"
EndProject
Project("{FAE04EC0-301F-11D3-BF4B-00C04F79EFBC}") = "Task02", "Task02\Task02.csproj", "{31C66B14-DFE2-4446-9095-E85131268F9C}"
EndProject
Project("{FAE04EC0-301F-11D3-BF4B-00C04F79EFBC}") = "Task03", "Task03\Task03.csproj", "{7D39A1A1-C4E9-4666-BE2F-36E50FBE72D1}"
EndProject
Project("{FAE04EC0-301F-11D3-BF4B-00C04F79EFBC}") = "Task04", "Task04\Task04.csproj", "{93C8A52A-33AA-4B7C-A9C1-1CE93B892A43}"
EndProject
Project("{FAE04EC0-301F-11D3-BF4B-00C04F79EFBC}") = "Task05", "Task05\Task05.csproj", "{A5CB5BDB-0906-44E5-BCF0-F2A1FD893CCD}"
EndProject
Global
	GlobalSection(SolutionConfigurationPlatforms) = preSolution
		Debug|Any CPU = Debug|Any CPU
		Release|Any CPU = Release|Any CPU
	EndGlobalSection
	GlobalSection(ProjectConfigurationPlatforms) = postSolution
		{BEF3EE06-666E-418F-9A45-F79CC0BD09E7}.Debug|Any CPU.ActiveCfg = Debug|Any CPU
		{BEF3EE06-666E-418F-9A45-F79CC0BD09E7}.Debug|Any CPU.Build.0 = Debug|Any CPU
		{BEF3EE06-666E-418F-9A45-F79CC0BD09E7}.Release|Any CPU.ActiveCfg = Release|Any CPU
		{BEF3EE06-666E-418F-9A45-F79CC0BD09E7}.Release|Any CPU.Build.0 = Release|Any CPU
		{31C66B14-DFE2-4446-9095-E85131268F9C}.Debug|Any CPU.ActiveCfg = Debug|Any CPU
		{31C66B14-DFE2-4446-9095-E85131268F9C}.Debug|Any CPU.Build.0 = Debug|Any CPU
		{31C66B14-DFE2-4446-9095-E85131268F9C}.Release|Any CPU.ActiveCfg = Release|Any CPU
		{31C66B14-DFE2-4446-9095-E85131268F9C}.Release|Any CPU.Build.0 = Release|Any CPU
		{7D39A1A1-C4E9-4666-BE2F-36E50FBE72D1}.Debug|Any CPU.ActiveCfg = Debug|Any CPU
		{7D39A1A1-C4E9-4666-BE2F-36E50FBE72D1}.Debug|Any CPU.Build.0 = Debug|Any CPU
		{7D39A1A1-C4E9-4666-BE2F-36E50FBE72D1}.Release|Any CPU.ActiveCfg = Release|Any CPU
		{7D39A1A1-C4E9-4666-BE2F-36E50FBE72D1}.Release|Any CPU.Build.0 = Release|Any CPU
		{93C8A52A-33AA-4B7C-A9C1-1CE93B892A43}.Debug|Any CPU.ActiveCfg = Debug|Any CPU
		{93C8A52A-33AA-4B7C-A9C1-1CE93B892A43}.Debug|Any CPU.Build.0 = Debug|Any CPU
		{93C8A52A-33AA-4B7C-A9C1-1CE93B892A43}.Release|Any CPU.ActiveCfg = Release|Any CPU
		{93C8A52A-33AA-4B7C-A9C1-1CE93B892A43}.Release|Any CPU.Build.0 = Release|Any CPU
		{A5CB5BDB-0906-44E5-BCF0-F2A1FD893CCD}.Debug|Any CPU.ActiveCfg = Debug|Any CPU
		{A5CB5BDB-0906-44E5-BCF0-F2A1FD893CCD}.Debug|Any CPU.Build.0 = Debug|Any CPU
		{A5CB5BDB-0906-44E5-BCF0-F2A1FD893CCD}.Release|Any CPU.ActiveCfg = Release|Any CPU
		{A5CB5BDB-0906-44E5-BCF0-F2A1FD893CCD}.Release|Any CPU.Build.0 = Release|Any CPU
	EndGlobalSection
	GlobalSection(SolutionProperties) = preSolution
		HideSolutionNode = FALSE
	EndGlobalSection
	GlobalSection(ExtensibilityGlobals) = postSolution
		SolutionGuid = {46DCCA22-645B-4CC8-9C49-A8C28892420E}
	EndGlobalSection
EndGlobal
