
Microsoft Visual Studio Solution File, Format Version 12.00
# Visual Studio Version 16
VisualStudioVersion = 16.0.31624.102
MinimumVisualStudioVersion = 10.0.40219.1
Project("{FAE04EC0-301F-11D3-BF4B-00C04F79EFBC}") = "Task01", "Task01\Task01.csproj", "{064BFB99-E51F-4E9B-80A4-7D54D50FBFBB}"
EndProject
Project("{FAE04EC0-301F-11D3-BF4B-00C04F79EFBC}") = "Task02", "Task02\Task02.csproj", "{113344DD-EA26-4C7F-958C-23E128BEF366}"
EndProject
Global
	GlobalSection(SolutionConfigurationPlatforms) = preSolution
		Debug|Any CPU = Debug|Any CPU
		Release|Any CPU = Release|Any CPU
	EndGlobalSection
	GlobalSection(ProjectConfigurationPlatforms) = postSolution
		{064BFB99-E51F-4E9B-80A4-7D54D50FBFBB}.Debug|Any CPU.ActiveCfg = Debug|Any CPU
		{064BFB99-E51F-4E9B-80A4-7D54D50FBFBB}.Debug|Any CPU.Build.0 = Debug|Any CPU
		{064BFB99-E51F-4E9B-80A4-7D54D50FBFBB}.Release|Any CPU.ActiveCfg = Release|Any CPU
		{064BFB99-E51F-4E9B-80A4-7D54D50FBFBB}.Release|Any CPU.Build.0 = Release|Any CPU
		{113344DD-EA26-4C7F-958C-23E128BEF366}.Debug|Any CPU.ActiveCfg = Debug|Any CPU
		{113344DD-EA26-4C7F-958C-23E128BEF366}.Debug|Any CPU.Build.0 = Debug|Any CPU
		{113344DD-EA26-4C7F-958C-23E128BEF366}.Release|Any CPU.ActiveCfg = Release|Any CPU
		{113344DD-EA26-4C7F-958C-23E128BEF366}.Release|Any CPU.Build.0 = Release|Any CPU
	EndGlobalSection
	GlobalSection(SolutionProperties) = preSolution
		HideSolutionNode = FALSE
	EndGlobalSection
	GlobalSection(ExtensibilityGlobals) = postSolution
		SolutionGuid = {2D038ED5-53C8-488E-8F4E-61EF5C8591E9}
	EndGlobalSection
EndGlobal
